# THIS IS AN AUTOGENERATED FILE. DO NOT EDIT THIS FILE DIRECTLY.
# yarn lockfile v1


"@types/node-fetch@^2.3.3":
  version "2.3.3"
  resolved "https://registry.yarnpkg.com/@types/node-fetch/-/node-fetch-2.3.3.tgz#eb9c2a0ce8e9424ebe0c0cbe6f1e8ea7576c1310"
  integrity sha512-MIplfRxrDTsIbOLGyFqNWTmxho5Fs710Kul35tEcaqkx9He86mGbSCDvILL0LCMfmm+oJ8tDg51crE9+pJGgiQ==
  dependencies:
    "@types/node" "*"

"@types/node@*", "@types/node@^12.0.0":
  version "12.0.0"
  resolved "https://registry.yarnpkg.com/@types/node/-/node-12.0.0.tgz#d11813b9c0ff8aaca29f04cbc12817f4c7d656e5"
  integrity sha512-Jrb/x3HT4PTJp6a4avhmJCDEVrPdqLfl3e8GGMbpkGGdwAV5UGlIs4vVEfsHHfylZVOKZWpOqmqFH8CbfOZ6kg==

node-fetch@^2.5.0:
  version "2.5.0"
  resolved "https://registry.yarnpkg.com/node-fetch/-/node-fetch-2.5.0.tgz#8028c49fc1191bba56a07adc6e2a954644a48501"
  integrity sha512-YuZKluhWGJwCcUu4RlZstdAxr8bFfOVHakc1mplwHkk8J+tqM1Y5yraYvIUpeX8aY7+crCwiELJq7Vl0o0LWXw==

typescript@^3.4.5:
  version "3.4.5"
  resolved "https://registry.yarnpkg.com/typescript/-/typescript-3.4.5.tgz#2d2618d10bb566572b8d7aad5180d84257d70a99"
  integrity sha512-YycBxUb49UUhdNMU5aJ7z5Ej2XGmaIBL0x34vZ82fn3hGvD+bgrMrVDpatgz2f7YxUMJxMkbWxJZeAvDxVe7Vw==
